
Microsoft Visual Studio Solution File, Format Version 12.00
Project("{FAE04EC0-301F-11D3-BF4B-00C04F79EFBC}") = "GemstonesDefense", "src\GemstonesDefense\GemstonesDefense.csproj", "{B6F2C8CB-2DE0-49D8-9177-40F189BB8503}"
EndProject
Global
	GlobalSection(SolutionConfigurationPlatforms) = preSolution
		Debug|Any CPU = Debug|Any CPU
		Release|Any CPU = Release|Any CPU
	EndGlobalSection
	GlobalSection(ProjectConfigurationPlatforms) = postSolution
		{B6F2C8CB-2DE0-49D8-9177-40F189BB8503}.Debug|Any CPU.ActiveCfg = Debug|Any CPU
		{B6F2C8CB-2DE0-49D8-9177-40F189BB8503}.Debug|Any CPU.Build.0 = Debug|Any CPU
		{B6F2C8CB-2DE0-49D8-9177-40F189BB8503}.Release|Any CPU.ActiveCfg = Release|Any CPU
		{B6F2C8CB-2DE0-49D8-9177-40F189BB8503}.Release|Any CPU.Build.0 = Release|Any CPU
	EndGlobalSection
EndGlobal
